{
    "_readme": [
        "This file locks the dependencies of your project to a known state",
        "Read more about it at https://getcomposer.org/doc/01-basic-usage.md#composer-lock-the-lock-file",
        "This file is @generated automatically"
    ],
    "hash": "90dbae1d49bf72e7aed34ce964d7098e",
    "content-hash": "b9c941e8cf8173ce99b46ad40cdcd8d8",
    "packages": [],
    "packages-dev": [
        {
            "name": "doctrine/instantiator",
            "version": "1.0.2",
            "source": {
                "type": "git",
                "url": "https://github.com/doctrine/instantiator.git",
                "reference": "26404e0c90565b614ee76b988b9bc8790d77f590"
            },
            "dist": {
                "type": "tar",
                "url": "http://packagist.skybet.net/archive/doctrine-instantiator-26404e0c90565b614ee76b988b9bc8790d77f590-zip-249d6b.tar",
                "reference": "26404e0c90565b614ee76b988b9bc8790d77f590",
                "shasum": "76d9147914c4bac3ad5c4fb04964969caaf236e1"
            },
            "require": {
                "php": "~5.3"
            },
            "require-dev": {
                "athletic/athletic": "~0.1.8",
                "ext-pdo": "*",
                "ext-phar": "*",
                "phpunit/phpunit": "~4.0",
                "squizlabs/php_codesniffer": "2.0.*@ALPHA"
            },
            "type": "library",
            "extra": {
                "branch-alias": {
                    "dev-master": "1.0.x-dev"
                }
            },
            "autoload": {
                "psr-0": {
                    "Doctrine\\Instantiator\\": "src"
                }
            },
            "autoload-dev": {
                "psr-0": {
                    "DoctrineTest\\InstantiatorPerformance\\": "tests",
                    "DoctrineTest\\InstantiatorTest\\": "tests",
                    "DoctrineTest\\InstantiatorTestAsset\\": "tests"
                }
            },
            "license": [
                "MIT"
            ],
            "authors": [
                {
                    "name": "Marco Pivetta",
                    "email": "ocramius@gmail.com",
                    "homepage": "http://ocramius.github.com/"
                }
            ],
            "description": "A small, lightweight utility to instantiate objects in PHP without invoking their constructors",
            "homepage": "https://github.com/doctrine/instantiator",
            "keywords": [
                "constructor",
                "instantiate"
            ],
            "support": {
                "source": "https://github.com/doctrine/instantiator/tree/1.0.2",
                "issues": "https://github.com/doctrine/instantiator/issues"
            },
            "time": "2014-08-25 15:09:25"
        },
        {
            "name": "myclabs/deep-copy",
            "version": "1.4.0",
            "source": {
                "type": "git",
                "url": "https://github.com/myclabs/DeepCopy.git",
                "reference": "d8093b631a31628342d0703764935f8bac2c56b1"
            },
            "dist": {
                "type": "tar",
                "url": "http://packagist.skybet.net/archive/myclabs-deep-copy-d8093b631a31628342d0703764935f8bac2c56b1-zip-69884e.tar",
                "reference": "d8093b631a31628342d0703764935f8bac2c56b1",
                "shasum": "c921d1e4ea97b4f503041a30ffd0509eddbdc66a"
            },
            "require": {
                "php": ">=5.4.0"
            },
            "require-dev": {
                "doctrine/collections": "1.*",
                "phpunit/phpunit": "~4.1"
            },
            "type": "library",
            "autoload": {
                "psr-4": {
                    "DeepCopy\\": "src/DeepCopy/"
                }
            },
            "autoload-dev": {
                "psr-4": {
                    "DeepCopyTest\\": "tests/DeepCopyTest/"
                }
            },
            "license": [
                "MIT"
            ],
            "description": "Create deep copies (clones) of your objects",
            "homepage": "https://github.com/myclabs/DeepCopy",
            "keywords": [
                "clone",
                "copy",
                "duplicate",
                "object",
                "object graph"
            ],
            "support": {
                "source": "https://github.com/myclabs/DeepCopy/tree/1.4.0",
                "issues": "https://github.com/myclabs/DeepCopy/issues"
            },
            "time": "2015-10-05 15:07:09"
        },
        {
            "name": "phpdocumentor/reflection-docblock",
            "version": "2.0.4",
            "source": {
                "type": "git",
                "url": "https://github.com/phpDocumentor/ReflectionDocBlock.git",
                "reference": "d68dbdc53dc358a816f00b300704702b2eaff7b8"
            },
            "dist": {
                "type": "tar",
                "url": "http://packagist.skybet.net/archive/phpdocumentor-reflection-docblock-d68dbdc53dc358a816f00b300704702b2eaff7b8-zip-b8dbaa.tar",
                "reference": "d68dbdc53dc358a816f00b300704702b2eaff7b8",
                "shasum": "17c52a4ca703f80ed7bb35ffd78727c7b43694e8"
            },
            "require": {
                "php": ">=5.3.3"
            },
            "require-dev": {
                "phpunit/phpunit": "~4.0"
            },
            "suggest": {
                "dflydev/markdown": "~1.0",
                "erusev/parsedown": "~1.0"
            },
            "type": "library",
            "extra": {
                "branch-alias": {
                    "dev-master": "2.0.x-dev"
                }
            },
            "autoload": {
                "psr-0": {
                    "phpDocumentor": [
                        "src/"
                    ]
                }
            },
            "license": [
                "MIT"
            ],
            "authors": [
                {
                    "name": "Mike van Riel",
                    "email": "mike.vanriel@naenius.com"
                }
            ],
            "support": {
                "source": "https://github.com/phpDocumentor/ReflectionDocBlock/tree/2.0.4",
                "issues": "https://github.com/phpDocumentor/ReflectionDocBlock/issues"
            },
            "time": "2015-02-03 12:10:50"
        },
        {
            "name": "phpspec/prophecy",
            "version": "v1.5.0",
            "source": {
                "type": "git",
                "url": "https://github.com/phpspec/prophecy.git",
                "reference": "4745ded9307786b730d7a60df5cb5a6c43cf95f7"
            },
            "dist": {
                "type": "tar",
                "url": "http://packagist.skybet.net/archive/phpspec-prophecy-4745ded9307786b730d7a60df5cb5a6c43cf95f7-zip-682471.tar",
                "reference": "4745ded9307786b730d7a60df5cb5a6c43cf95f7",
                "shasum": "773e6346d4d6e456a090b82d1214c3ae968d0bbc"
            },
            "require": {
                "doctrine/instantiator": "^1.0.2",
                "phpdocumentor/reflection-docblock": "~2.0",
                "sebastian/comparator": "~1.1"
            },
            "require-dev": {
                "phpspec/phpspec": "~2.0"
            },
            "type": "library",
            "extra": {
                "branch-alias": {
                    "dev-master": "1.4.x-dev"
                }
            },
            "autoload": {
                "psr-0": {
                    "Prophecy\\": "src/"
                }
            },
            "license": [
                "MIT"
            ],
            "authors": [
                {
                    "name": "Konstantin Kudryashov",
                    "email": "ever.zet@gmail.com",
                    "homepage": "http://everzet.com"
                },
                {
                    "name": "Marcello Duarte",
                    "email": "marcello.duarte@gmail.com"
                }
            ],
            "description": "Highly opinionated mocking framework for PHP 5.3+",
            "homepage": "https://github.com/phpspec/prophecy",
            "keywords": [
                "Double",
                "Dummy",
                "Fake",
                "Mock",
                "Spy",
                "Stub"
            ],
            "support": {
                "source": "https://github.com/phpspec/prophecy/tree/v1.5.0",
                "issues": "https://github.com/phpspec/prophecy/issues"
            },
            "time": "2015-08-13 10:07:40"
        },
        {
            "name": "phpunit/php-code-coverage",
            "version": "3.0.1",
            "source": {
                "type": "git",
                "url": "https://github.com/sebastianbergmann/php-code-coverage.git",
                "reference": "c84f05be256cd7c9d2340b26f7995b4afbf8787b"
            },
            "dist": {
                "type": "zip",
                "url": "https://api.github.com/repos/sebastianbergmann/php-code-coverage/zipball/c84f05be256cd7c9d2340b26f7995b4afbf8787b",
                "reference": "c84f05be256cd7c9d2340b26f7995b4afbf8787b",
                "shasum": ""
            },
            "require": {
                "php": ">=5.6",
                "phpunit/php-file-iterator": "~1.3",
                "phpunit/php-text-template": "~1.2",
                "phpunit/php-token-stream": "~1.3",
                "sebastian/environment": "^1.3.2",
                "sebastian/version": "~1.0"
            },
            "require-dev": {
                "ext-xdebug": ">=2.1.4",
                "phpunit/phpunit": "~5"
            },
            "suggest": {
                "ext-dom": "*",
                "ext-xdebug": ">=2.2.1",
                "ext-xmlwriter": "*"
            },
            "type": "library",
            "extra": {
                "branch-alias": {
                    "dev-master": "3.0.x-dev"
                }
            },
            "autoload": {
                "classmap": [
                    "src/"
                ]
            },
            "notification-url": "https://packagist.org/downloads/",
            "license": [
                "BSD-3-Clause"
            ],
            "authors": [
                {
                    "name": "Sebastian Bergmann",
                    "email": "sb@sebastian-bergmann.de",
                    "role": "lead"
                }
            ],
            "description": "Library that provides collection, processing, and rendering functionality for PHP code coverage information.",
            "homepage": "https://github.com/sebastianbergmann/php-code-coverage",
            "keywords": [
                "coverage",
                "testing",
                "xunit"
            ],
            "time": "2015-10-06 15:51:05"
        },
        {
            "name": "phpunit/php-file-iterator",
            "version": "1.4.1",
            "source": {
                "type": "git",
                "url": "https://github.com/sebastianbergmann/php-file-iterator.git",
                "reference": "6150bf2c35d3fc379e50c7602b75caceaa39dbf0"
            },
            "dist": {
                "type": "tar",
                "url": "http://packagist.skybet.net/archive/phpunit-php-file-iterator-6150bf2c35d3fc379e50c7602b75caceaa39dbf0-zip-a7b18d.tar",
                "reference": "6150bf2c35d3fc379e50c7602b75caceaa39dbf0",
                "shasum": "b17e83d648b4c3a51519eddd1d56a07a92daa355"
            },
            "require": {
                "php": ">=5.3.3"
            },
            "type": "library",
            "extra": {
                "branch-alias": {
                    "dev-master": "1.4.x-dev"
                }
            },
            "autoload": {
                "classmap": [
                    "src/"
                ]
            },
            "license": [
                "BSD-3-Clause"
            ],
            "authors": [
                {
                    "name": "Sebastian Bergmann",
                    "email": "sb@sebastian-bergmann.de",
                    "role": "lead"
                }
            ],
            "description": "FilterIterator implementation that filters files based on a list of suffixes.",
            "homepage": "https://github.com/sebastianbergmann/php-file-iterator/",
            "keywords": [
                "filesystem",
                "iterator"
            ],
            "support": {
                "issues": "https://github.com/sebastianbergmann/php-file-iterator/issues",
                "irc": "irc://irc.freenode.net/phpunit",
                "source": "https://github.com/sebastianbergmann/php-file-iterator/tree/master"
            },
            "time": "2015-06-21 13:08:43"
        },
        {
            "name": "phpunit/php-text-template",
            "version": "1.2.0",
            "source": {
                "type": "git",
                "url": "https://github.com/sebastianbergmann/php-text-template.git",
                "reference": "206dfefc0ffe9cebf65c413e3d0e809c82fbf00a"
            },
            "dist": {
                "type": "tar",
                "url": "http://packagist.skybet.net/archive/phpunit-php-text-template-206dfefc0ffe9cebf65c413e3d0e809c82fbf00a-zip-dce9d3.tar",
                "reference": "206dfefc0ffe9cebf65c413e3d0e809c82fbf00a",
                "shasum": "08f5f9a0532052e10d1ee2263e537e8a6885c0da"
            },
            "require": {
                "php": ">=5.3.3"
            },
            "type": "library",
            "autoload": {
                "classmap": [
                    "Text/"
                ]
            },
            "include-path": [
                ""
            ],
            "license": [
                "BSD-3-Clause"
            ],
            "authors": [
                {
                    "name": "Sebastian Bergmann",
                    "email": "sb@sebastian-bergmann.de",
                    "role": "lead"
                }
            ],
            "description": "Simple template engine.",
            "homepage": "https://github.com/sebastianbergmann/php-text-template/",
            "keywords": [
                "template"
            ],
            "support": {
                "issues": "https://github.com/sebastianbergmann/php-text-template/issues",
                "irc": "irc://irc.freenode.net/phpunit",
                "source": "https://github.com/sebastianbergmann/php-text-template/tree/1.2.0"
            },
            "time": "2014-01-30 17:20:04"
        },
        {
            "name": "phpunit/php-timer",
            "version": "1.0.7",
            "source": {
                "type": "git",
                "url": "https://github.com/sebastianbergmann/php-timer.git",
                "reference": "3e82f4e9fc92665fafd9157568e4dcb01d014e5b"
            },
            "dist": {
                "type": "tar",
                "url": "http://packagist.skybet.net/archive/phpunit-php-timer-3e82f4e9fc92665fafd9157568e4dcb01d014e5b-zip-267b07.tar",
                "reference": "3e82f4e9fc92665fafd9157568e4dcb01d014e5b",
                "shasum": "0b933a1f3f9aa3e5de8b25e7734fb47c9f8ab333"
            },
            "require": {
                "php": ">=5.3.3"
            },
            "type": "library",
            "autoload": {
                "classmap": [
                    "src/"
                ]
            },
            "license": [
                "BSD-3-Clause"
            ],
            "authors": [
                {
                    "name": "Sebastian Bergmann",
                    "email": "sb@sebastian-bergmann.de",
                    "role": "lead"
                }
            ],
            "description": "Utility class for timing",
            "homepage": "https://github.com/sebastianbergmann/php-timer/",
            "keywords": [
                "timer"
            ],
            "support": {
                "issues": "https://github.com/sebastianbergmann/php-timer/issues",
                "irc": "irc://irc.freenode.net/phpunit",
                "source": "https://github.com/sebastianbergmann/php-timer/tree/master"
            },
            "time": "2015-06-21 08:01:12"
        },
        {
            "name": "phpunit/php-token-stream",
            "version": "1.4.8",
            "source": {
                "type": "git",
                "url": "https://github.com/sebastianbergmann/php-token-stream.git",
                "reference": "3144ae21711fb6cac0b1ab4cbe63b75ce3d4e8da"
            },
            "dist": {
                "type": "zip",
                "url": "https://api.github.com/repos/sebastianbergmann/php-token-stream/zipball/3144ae21711fb6cac0b1ab4cbe63b75ce3d4e8da",
                "reference": "3144ae21711fb6cac0b1ab4cbe63b75ce3d4e8da",
                "shasum": ""
            },
            "require": {
                "ext-tokenizer": "*",
                "php": ">=5.3.3"
            },
            "require-dev": {
                "phpunit/phpunit": "~4.2"
            },
            "type": "library",
            "extra": {
                "branch-alias": {
                    "dev-master": "1.4-dev"
                }
            },
            "autoload": {
                "classmap": [
                    "src/"
                ]
            },
            "notification-url": "https://packagist.org/downloads/",
            "license": [
                "BSD-3-Clause"
            ],
            "authors": [
                {
                    "name": "Sebastian Bergmann",
                    "email": "sebastian@phpunit.de"
                }
            ],
            "description": "Wrapper around PHP's tokenizer extension.",
            "homepage": "https://github.com/sebastianbergmann/php-token-stream/",
            "keywords": [
                "tokenizer"
            ],
            "time": "2015-09-15 10:49:45"
        },
        {
            "name": "phpunit/phpunit",
            "version": "5.0.5",
            "source": {
                "type": "git",
                "url": "https://github.com/sebastianbergmann/phpunit.git",
                "reference": "65134b2c2e47f48a9afb54a28f67b4d46a2304d1"
            },
            "dist": {
                "type": "zip",
                "url": "https://api.github.com/repos/sebastianbergmann/phpunit/zipball/65134b2c2e47f48a9afb54a28f67b4d46a2304d1",
                "reference": "65134b2c2e47f48a9afb54a28f67b4d46a2304d1",
                "shasum": ""
            },
            "require": {
                "ext-dom": "*",
                "ext-json": "*",
                "ext-pcre": "*",
                "ext-reflection": "*",
                "ext-spl": "*",
                "myclabs/deep-copy": "~1.3",
                "php": ">=5.6",
                "phpspec/prophecy": "^1.3.1",
                "phpunit/php-code-coverage": "~3.0",
                "phpunit/php-file-iterator": "~1.4",
                "phpunit/php-text-template": "~1.2",
                "phpunit/php-timer": ">=1.0.6",
                "phpunit/phpunit-mock-objects": ">=3.0",
                "sebastian/comparator": "~1.1",
                "sebastian/diff": "~1.2",
                "sebastian/environment": "~1.3",
                "sebastian/exporter": "~1.2",
                "sebastian/global-state": "~1.0",
                "sebastian/resource-operations": "~1.0",
                "sebastian/version": "~1.0",
                "symfony/yaml": "~2.1|~3.0"
            },
            "suggest": {
                "phpunit/php-invoker": "~1.1"
            },
            "bin": [
                "phpunit"
            ],
            "type": "library",
            "extra": {
                "branch-alias": {
                    "dev-master": "5.0.x-dev"
                }
            },
            "autoload": {
                "classmap": [
                    "src/"
                ]
            },
            "notification-url": "https://packagist.org/downloads/",
            "license": [
                "BSD-3-Clause"
            ],
            "authors": [
                {
                    "name": "Sebastian Bergmann",
                    "email": "sebastian@phpunit.de",
                    "role": "lead"
                }
            ],
            "description": "The PHP Unit Testing framework.",
            "homepage": "https://phpunit.de/",
            "keywords": [
                "phpunit",
                "testing",
                "xunit"
            ],
            "time": "2015-10-12 03:40:23"
        },
        {
            "name": "phpunit/phpunit-mock-objects",
            "version": "3.0.0",
            "source": {
                "type": "git",
                "url": "https://github.com/sebastianbergmann/phpunit-mock-objects.git",
                "reference": "b66bfd55201aa33e8096d8c9bcb762361521c301"
            },
            "dist": {
                "type": "zip",
                "url": "https://api.github.com/repos/sebastianbergmann/phpunit-mock-objects/zipball/b66bfd55201aa33e8096d8c9bcb762361521c301",
                "reference": "b66bfd55201aa33e8096d8c9bcb762361521c301",
                "shasum": ""
            },
            "require": {
                "doctrine/instantiator": "^1.0.2",
                "php": ">=5.6",
                "phpunit/php-text-template": "~1.2",
                "sebastian/exporter": "~1.2"
            },
            "require-dev": {
                "phpunit/phpunit": "~5"
            },
            "suggest": {
                "ext-soap": "*"
            },
            "type": "library",
            "extra": {
                "branch-alias": {
                    "dev-master": "3.0.x-dev"
                }
            },
            "autoload": {
                "classmap": [
                    "src/"
                ]
            },
            "notification-url": "https://packagist.org/downloads/",
            "license": [
                "BSD-3-Clause"
            ],
            "authors": [
                {
                    "name": "Sebastian Bergmann",
                    "email": "sb@sebastian-bergmann.de",
                    "role": "lead"
                }
            ],
            "description": "Mock Object library for PHPUnit",
            "homepage": "https://github.com/sebastianbergmann/phpunit-mock-objects/",
            "keywords": [
                "mock",
                "xunit"
            ],
            "time": "2015-10-01 06:43:55"
        },
        {
            "name": "sebastian/comparator",
            "version": "1.2.0",
            "source": {
                "type": "git",
                "url": "https://github.com/sebastianbergmann/comparator.git",
                "reference": "937efb279bd37a375bcadf584dec0726f84dbf22"
            },
            "dist": {
                "type": "tar",
                "url": "http://packagist.skybet.net/archive/sebastian-comparator-937efb279bd37a375bcadf584dec0726f84dbf22-zip-275d2d.tar",
                "reference": "937efb279bd37a375bcadf584dec0726f84dbf22",
                "shasum": "4b61a825080a4ea7fb5aa2bfdd4774a38ee14cc0"
            },
            "require": {
                "php": ">=5.3.3",
                "sebastian/diff": "~1.2",
                "sebastian/exporter": "~1.2"
            },
            "require-dev": {
                "phpunit/phpunit": "~4.4"
            },
            "type": "library",
            "extra": {
                "branch-alias": {
                    "dev-master": "1.2.x-dev"
                }
            },
            "autoload": {
                "classmap": [
                    "src/"
                ]
            },
            "license": [
                "BSD-3-Clause"
            ],
            "authors": [
                {
                    "name": "Sebastian Bergmann",
                    "email": "sebastian@phpunit.de"
                },
                {
                    "name": "Jeff Welch",
                    "email": "whatthejeff@gmail.com"
                },
                {
                    "name": "Volker Dusch",
                    "email": "github@wallbash.com"
                },
                {
                    "name": "Bernhard Schussek",
                    "email": "bschussek@2bepublished.at"
                }
            ],
            "description": "Provides the functionality to compare PHP values for equality",
            "homepage": "http://www.github.com/sebastianbergmann/comparator",
            "keywords": [
                "comparator",
                "compare",
                "equality"
            ],
            "support": {
                "source": "https://github.com/sebastianbergmann/comparator/tree/1.2.0",
                "issues": "https://github.com/sebastianbergmann/comparator/issues"
            },
            "time": "2015-07-26 15:48:44"
        },
        {
            "name": "sebastian/diff",
            "version": "1.3.0",
            "source": {
                "type": "git",
                "url": "https://github.com/sebastianbergmann/diff.git",
                "reference": "863df9687835c62aa423a22412d26fa2ebde3fd3"
            },
            "dist": {
                "type": "tar",
                "url": "http://packagist.skybet.net/archive/sebastian-diff-863df9687835c62aa423a22412d26fa2ebde3fd3-zip-c4cc0d.tar",
                "reference": "863df9687835c62aa423a22412d26fa2ebde3fd3",
                "shasum": "b3b66de2c55518e8b2412cbc30d66004ea01b114"
            },
            "require": {
                "php": ">=5.3.3"
            },
            "require-dev": {
                "phpunit/phpunit": "~4.2"
            },
            "type": "library",
            "extra": {
                "branch-alias": {
                    "dev-master": "1.3-dev"
                }
            },
            "autoload": {
                "classmap": [
                    "src/"
                ]
            },
            "license": [
                "BSD-3-Clause"
            ],
            "authors": [
                {
                    "name": "Sebastian Bergmann",
                    "email": "sebastian@phpunit.de"
                },
                {
                    "name": "Kore Nordmann",
                    "email": "mail@kore-nordmann.de"
                }
            ],
            "description": "Diff implementation",
            "homepage": "http://www.github.com/sebastianbergmann/diff",
            "keywords": [
                "diff"
            ],
            "support": {
                "source": "https://github.com/sebastianbergmann/diff/tree/master",
                "issues": "https://github.com/sebastianbergmann/diff/issues"
            },
            "time": "2015-02-22 15:13:53"
        },
        {
            "name": "sebastian/environment",
            "version": "1.3.2",
            "source": {
                "type": "git",
                "url": "https://github.com/sebastianbergmann/environment.git",
                "reference": "6324c907ce7a52478eeeaede764f48733ef5ae44"
            },
            "dist": {
                "type": "tar",
                "url": "http://packagist.skybet.net/archive/sebastian-environment-6324c907ce7a52478eeeaede764f48733ef5ae44-zip-16c89f.tar",
                "reference": "6324c907ce7a52478eeeaede764f48733ef5ae44",
                "shasum": "e6649786548d114573443d6c5b223833ea804df8"
            },
            "require": {
                "php": ">=5.3.3"
            },
            "require-dev": {
                "phpunit/phpunit": "~4.4"
            },
            "type": "library",
            "extra": {
                "branch-alias": {
                    "dev-master": "1.3.x-dev"
                }
            },
            "autoload": {
                "classmap": [
                    "src/"
                ]
            },
            "license": [
                "BSD-3-Clause"
            ],
            "authors": [
                {
                    "name": "Sebastian Bergmann",
                    "email": "sebastian@phpunit.de"
                }
            ],
            "description": "Provides functionality to handle HHVM/PHP environments",
            "homepage": "http://www.github.com/sebastianbergmann/environment",
            "keywords": [
                "environment",
                "hhvm",
                "xdebug"
            ],
            "support": {
                "source": "https://github.com/sebastianbergmann/environment/tree/1.3.2",
                "issues": "https://github.com/sebastianbergmann/environment/issues"
            },
            "time": "2015-08-03 06:14:51"
        },
        {
            "name": "sebastian/exporter",
            "version": "1.2.1",
            "source": {
                "type": "git",
                "url": "https://github.com/sebastianbergmann/exporter.git",
                "reference": "7ae5513327cb536431847bcc0c10edba2701064e"
            },
            "dist": {
                "type": "tar",
                "url": "http://packagist.skybet.net/archive/sebastian-exporter-7ae5513327cb536431847bcc0c10edba2701064e-zip-5e64a9.tar",
                "reference": "7ae5513327cb536431847bcc0c10edba2701064e",
                "shasum": "de2a59eb103acad907b924ffd9514c452c40792d"
            },
            "require": {
                "php": ">=5.3.3",
                "sebastian/recursion-context": "~1.0"
            },
            "require-dev": {
                "phpunit/phpunit": "~4.4"
            },
            "type": "library",
            "extra": {
                "branch-alias": {
                    "dev-master": "1.2.x-dev"
                }
            },
            "autoload": {
                "classmap": [
                    "src/"
                ]
            },
            "license": [
                "BSD-3-Clause"
            ],
            "authors": [
                {
                    "name": "Sebastian Bergmann",
                    "email": "sebastian@phpunit.de"
                },
                {
                    "name": "Jeff Welch",
                    "email": "whatthejeff@gmail.com"
                },
                {
                    "name": "Volker Dusch",
                    "email": "github@wallbash.com"
                },
                {
                    "name": "Adam Harvey",
                    "email": "aharvey@php.net"
                },
                {
                    "name": "Bernhard Schussek",
                    "email": "bschussek@2bepublished.at"
                }
            ],
            "description": "Provides the functionality to export PHP variables for visualization",
            "homepage": "http://www.github.com/sebastianbergmann/exporter",
            "keywords": [
                "export",
                "exporter"
            ],
            "support": {
                "source": "https://github.com/sebastianbergmann/exporter/tree/master",
                "issues": "https://github.com/sebastianbergmann/exporter/issues"
            },
            "time": "2015-06-21 07:55:53"
        },
        {
            "name": "sebastian/global-state",
            "version": "1.1.1",
            "source": {
                "type": "git",
                "url": "https://github.com/sebastianbergmann/global-state.git",
                "reference": "bc37d50fea7d017d3d340f230811c9f1d7280af4"
            },
            "dist": {
                "type": "tar",
                "url": "http://packagist.skybet.net/archive/sebastian-global-state-bc37d50fea7d017d3d340f230811c9f1d7280af4-zip-c4abec.tar",
                "reference": "bc37d50fea7d017d3d340f230811c9f1d7280af4",
                "shasum": "a70f23c1bae66338f8561694c3ab7e658a974020"
            },
            "require": {
                "php": ">=5.3.3"
            },
            "require-dev": {
                "phpunit/phpunit": "~4.2"
            },
            "suggest": {
                "ext-uopz": "*"
            },
            "type": "library",
            "extra": {
                "branch-alias": {
                    "dev-master": "1.0-dev"
                }
            },
            "autoload": {
                "classmap": [
                    "src/"
                ]
            },
            "autoload-dev": {
                "classmap": [
                    "tests/_fixture/"
                ]
            },
            "license": [
                "BSD-3-Clause"
            ],
            "authors": [
                {
                    "name": "Sebastian Bergmann",
                    "email": "sebastian@phpunit.de"
                }
            ],
            "description": "Snapshotting of global state",
            "homepage": "http://www.github.com/sebastianbergmann/global-state",
            "keywords": [
                "global state"
            ],
            "support": {
                "source": "https://github.com/sebastianbergmann/global-state/tree/1.1.1",
                "issues": "https://github.com/sebastianbergmann/global-state/issues"
            },
            "time": "2015-10-12 03:26:01"
        },
        {
            "name": "sebastian/recursion-context",
            "version": "1.0.1",
            "source": {
                "type": "git",
                "url": "https://github.com/sebastianbergmann/recursion-context.git",
                "reference": "994d4a811bafe801fb06dccbee797863ba2792ba"
            },
            "dist": {
                "type": "tar",
                "url": "http://packagist.skybet.net/archive/sebastian-recursion-context-994d4a811bafe801fb06dccbee797863ba2792ba-zip-721157.tar",
                "reference": "994d4a811bafe801fb06dccbee797863ba2792ba",
                "shasum": "a578076eac59cbdf8a9e89f42787388e1db14a93"
            },
            "require": {
                "php": ">=5.3.3"
            },
            "require-dev": {
                "phpunit/phpunit": "~4.4"
            },
            "type": "library",
            "extra": {
                "branch-alias": {
                    "dev-master": "1.0.x-dev"
                }
            },
            "autoload": {
                "classmap": [
                    "src/"
                ]
            },
            "license": [
                "BSD-3-Clause"
            ],
            "authors": [
                {
                    "name": "Sebastian Bergmann",
                    "email": "sebastian@phpunit.de"
                },
                {
                    "name": "Jeff Welch",
                    "email": "whatthejeff@gmail.com"
                },
                {
                    "name": "Adam Harvey",
                    "email": "aharvey@php.net"
                }
            ],
            "description": "Provides functionality to recursively process PHP variables",
            "homepage": "http://www.github.com/sebastianbergmann/recursion-context",
            "support": {
                "source": "https://github.com/sebastianbergmann/recursion-context/tree/1.0.1",
                "issues": "https://github.com/sebastianbergmann/recursion-context/issues"
            },
            "time": "2015-06-21 08:04:50"
        },
        {
            "name": "sebastian/resource-operations",
            "version": "1.0.0",
            "source": {
                "type": "git",
                "url": "https://github.com/sebastianbergmann/resource-operations.git",
                "reference": "ce990bb21759f94aeafd30209e8cfcdfa8bc3f52"
            },
            "dist": {
                "type": "tar",
                "url": "http://packagist.skybet.net/archive/sebastian-resource-operations-ce990bb21759f94aeafd30209e8cfcdfa8bc3f52-zip-4a3a08.tar",
                "reference": "ce990bb21759f94aeafd30209e8cfcdfa8bc3f52",
                "shasum": "32aea34d8a36462fa2b7744b85a9971adb95dadf"
            },
            "require": {
                "php": ">=5.6.0"
            },
            "type": "library",
            "extra": {
                "branch-alias": {
                    "dev-master": "1.0.x-dev"
                }
            },
            "autoload": {
                "classmap": [
                    "src/"
                ]
            },
            "license": [
                "BSD-3-Clause"
            ],
            "authors": [
                {
                    "name": "Sebastian Bergmann",
                    "email": "sebastian@phpunit.de"
                }
            ],
            "description": "Provides a list of PHP built-in functions that operate on resources",
            "homepage": "https://www.github.com/sebastianbergmann/resource-operations",
            "support": {
                "source": "https://github.com/sebastianbergmann/resource-operations/tree/1.0.0",
                "issues": "https://github.com/sebastianbergmann/resource-operations/issues"
            },
            "time": "2015-07-28 20:34:47"
        },
        {
            "name": "sebastian/version",
            "version": "1.0.6",
            "source": {
                "type": "git",
                "url": "https://github.com/sebastianbergmann/version.git",
                "reference": "58b3a85e7999757d6ad81c787a1fbf5ff6c628c6"
            },
            "dist": {
                "type": "tar",
                "url": "http://packagist.skybet.net/archive/sebastian-version-58b3a85e7999757d6ad81c787a1fbf5ff6c628c6-zip-8093ed.tar",
                "reference": "58b3a85e7999757d6ad81c787a1fbf5ff6c628c6",
                "shasum": "5fc172527d0ffe215d1cc5e0e4e1669991b1de9d"
            },
            "type": "library",
            "autoload": {
                "classmap": [
                    "src/"
                ]
            },
            "license": [
                "BSD-3-Clause"
            ],
            "authors": [
                {
                    "name": "Sebastian Bergmann",
                    "email": "sebastian@phpunit.de",
                    "role": "lead"
                }
            ],
            "description": "Library that helps with managing the version number of Git-hosted PHP projects",
            "homepage": "https://github.com/sebastianbergmann/version",
            "support": {
                "issues": "https://github.com/sebastianbergmann/version/issues",
                "source": "https://github.com/sebastianbergmann/version/tree/1.0.6"
            },
            "time": "2015-06-21 13:59:46"
        },
        {
            "name": "symfony/yaml",
            "version": "v2.6.6",
            "target-dir": "Symfony/Component/Yaml",
            "source": {
                "type": "git",
                "url": "https://github.com/symfony/yaml.git",
                "reference": "174f009ed36379a801109955fc5a71a49fe62dd4"
            },
            "dist": {
                "type": "tar",
                "url": "http://packagist.skybet.net/archive/symfony-yaml-174f009ed36379a801109955fc5a71a49fe62dd4-zip-1072f8.tar",
                "reference": "174f009ed36379a801109955fc5a71a49fe62dd4",
                "shasum": "d1d8e6fe12fd6cf464efed2e41aa576a0563707f"
            },
            "require": {
                "php": ">=5.3.3"
            },
            "require-dev": {
                "symfony/phpunit-bridge": "~2.7"
            },
            "type": "library",
            "extra": {
                "branch-alias": {
                    "dev-master": "2.6-dev"
                }
            },
            "autoload": {
                "psr-0": {
                    "Symfony\\Component\\Yaml\\": ""
                }
            },
            "license": [
                "MIT"
            ],
            "authors": [
                {
                    "name": "Fabien Potencier",
                    "email": "fabien@symfony.com"
                },
                {
                    "name": "Symfony Community",
                    "homepage": "http://symfony.com/contributors"
                }
            ],
            "description": "Symfony Yaml Component",
            "homepage": "http://symfony.com",
            "support": {
                "source": "https://github.com/symfony/Yaml/tree/v2.6.6"
            },
            "time": "2015-03-30 15:54:10"
        }
    ],
    "aliases": [],
    "minimum-stability": "stable",
    "stability-flags": [],
    "prefer-stable": false,
    "prefer-lowest": false,
    "platform": [],
    "platform-dev": []
}
